PODS:
  - Alamofire (5.1.0)
  - Moya/Core (14.0.0):
    - Alamofire (~> 5.0)
  - Moya/RxSwift (14.0.0):
    - Moya/Core
    - RxSwift (~> 5.0)
  - RxSwift (5.1.1)
  - Swinject (2.7.1)

DEPENDENCIES:
  - Moya/RxSwift (~> 14.0)
  - RxSwift (~> 5.1.1)
  - Swinject

SPEC REPOS:
  trunk:
    - Alamofire
    - Moya
    - RxSwift
    - Swinject

SPEC CHECKSUMS:
  Alamofire: 9d5c5f602928e512395b30950c5984eca840093c
  Moya: 5b45dacb75adb009f97fde91c204c1e565d31916
  RxSwift: 81470a2074fa8780320ea5fe4102807cb7118178
  Swinject: ddf78b8486dd9b71a667b852cad919ab4484478e

PODFILE CHECKSUM: 4a1368756f96896b222973c997b41e50bd922ff0

COCOAPODS: 1.9.3
