// !$*UTF8*$!
{
	archiveVersion = 1;
	classes = {
	};
	objectVersion = 52;
	objects = {

/* Begin PBXBuildFile section */
		451B520E270B95D000E2CEE8 /* RxCocoa in Frameworks */ = {isa = PBXBuildFile; productRef = 451B520D270B95D000E2CEE8 /* RxCocoa */; };
		451B5210270B95D000E2CEE8 /* RxSwift in Frameworks */ = {isa = PBXBuildFile; productRef = 451B520F270B95D000E2CEE8 /* RxSwift */; };
		451B5215270B95E900E2CEE8 /* Swinject in Frameworks */ = {isa = PBXBuildFile; productRef = 451B5214270B95E900E2CEE8 /* Swinject */; };
		4583D893295C5111009D8F3E /* StateStatisticsApp.swift in Sources */ = {isa = PBXBuildFile; fileRef = 4583D892295C5111009D8F3E /* StateStatisticsApp.swift */; };
		4583D896295C512A009D8F3E /* LandingView.swift in Sources */ = {isa = PBXBuildFile; fileRef = 4583D895295C512A009D8F3E /* LandingView.swift */; };
		4583D899295C53FC009D8F3E /* ExchangeRatesView.swift in Sources */ = {isa = PBXBuildFile; fileRef = 4583D898295C53FC009D8F3E /* ExchangeRatesView.swift */; };
		4583D89B295C6742009D8F3E /* ExchangeRatesViewModel.swift in Sources */ = {isa = PBXBuildFile; fileRef = 4583D89A295C6742009D8F3E /* ExchangeRatesViewModel.swift */; };
		4583D89F295CA934009D8F3E /* ExchangeRatesAssembly.swift in Sources */ = {isa = PBXBuildFile; fileRef = 4583D89E295CA934009D8F3E /* ExchangeRatesAssembly.swift */; };
		4583D8A1295CAB51009D8F3E /* DependencyFactory.swift in Sources */ = {isa = PBXBuildFile; fileRef = 4583D8A0295CAB51009D8F3E /* DependencyFactory.swift */; };
		4583D8A4295CB815009D8F3E /* ExchangeRateItem.swift in Sources */ = {isa = PBXBuildFile; fileRef = 4583D8A3295CB815009D8F3E /* ExchangeRateItem.swift */; };
		4583D8A7295CB84E009D8F3E /* ExchangeRateItemMapper.swift in Sources */ = {isa = PBXBuildFile; fileRef = 4583D8A6295CB84E009D8F3E /* ExchangeRateItemMapper.swift */; };
		4583D8AC295D97EA009D8F3E /* LandingAssembly.swift in Sources */ = {isa = PBXBuildFile; fileRef = 4583D8AB295D97EA009D8F3E /* LandingAssembly.swift */; };
		E703FCDE250E90260024B9AE /* DataKit.framework in Frameworks */ = {isa = PBXBuildFile; fileRef = E703FCDD250E90260024B9AE /* DataKit.framework */; };
		E703FCDF250E90260024B9AE /* DataKit.framework in Embed Frameworks */ = {isa = PBXBuildFile; fileRef = E703FCDD250E90260024B9AE /* DataKit.framework */; settings = {ATTRIBUTES = (CodeSignOnCopy, RemoveHeadersOnCopy, ); }; };
		E703FCE2250E90290024B9AE /* DomainKit.framework in Frameworks */ = {isa = PBXBuildFile; fileRef = E703FCE1250E90290024B9AE /* DomainKit.framework */; };
		E703FCE3250E90290024B9AE /* DomainKit.framework in Embed Frameworks */ = {isa = PBXBuildFile; fileRef = E703FCE1250E90290024B9AE /* DomainKit.framework */; settings = {ATTRIBUTES = (CodeSignOnCopy, RemoveHeadersOnCopy, ); }; };
		E777B3AF24CB2D9000114E05 /* Assets.xcassets in Resources */ = {isa = PBXBuildFile; fileRef = E777B3AE24CB2D9000114E05 /* Assets.xcassets */; };
		E777B3BD24CB2D9000114E05 /* StateStatisticsAppTests.swift in Sources */ = {isa = PBXBuildFile; fileRef = E777B3BC24CB2D9000114E05 /* StateStatisticsAppTests.swift */; };
/* End PBXBuildFile section */

/* Begin PBXContainerItemProxy section */
		451B51F6270B92B300E2CEE8 /* PBXContainerItemProxy */ = {
			isa = PBXContainerItemProxy;
			containerPortal = 451B51F1270B92B300E2CEE8 /* DataKit.xcodeproj */;
			proxyType = 2;
			remoteGlobalIDString = E777B3F524CB306A00114E05;
			remoteInfo = DataKit;
		};
		451B51F8270B92B300E2CEE8 /* PBXContainerItemProxy */ = {
			isa = PBXContainerItemProxy;
			containerPortal = 451B51F1270B92B300E2CEE8 /* DataKit.xcodeproj */;
			proxyType = 2;
			remoteGlobalIDString = E777B3FE24CB306A00114E05;
			remoteInfo = DataKitTests;
		};
		E777B3B924CB2D9000114E05 /* PBXContainerItemProxy */ = {
			isa = PBXContainerItemProxy;
			containerPortal = E777B39A24CB2D8C00114E05 /* Project object */;
			proxyType = 1;
			remoteGlobalIDString = E777B3A124CB2D8C00114E05;
			remoteInfo = StateStatisticsApp;
		};
/* End PBXContainerItemProxy section */

/* Begin PBXCopyFilesBuildPhase section */
		E703FCE0250E90260024B9AE /* Embed Frameworks */ = {
			isa = PBXCopyFilesBuildPhase;
			buildActionMask = 2147483647;
			dstPath = "";
			dstSubfolderSpec = 10;
			files = (
				E703FCDF250E90260024B9AE /* DataKit.framework in Embed Frameworks */,
				E703FCE3250E90290024B9AE /* DomainKit.framework in Embed Frameworks */,
			);
			name = "Embed Frameworks";
			runOnlyForDeploymentPostprocessing = 0;
		};
/* End PBXCopyFilesBuildPhase section */

/* Begin PBXFileReference section */
		451B51F1270B92B300E2CEE8 /* DataKit.xcodeproj */ = {isa = PBXFileReference; lastKnownFileType = "wrapper.pb-project"; name = DataKit.xcodeproj; path = ../Data/DataKit.xcodeproj; sourceTree = "<group>"; };
		4583D892295C5111009D8F3E /* StateStatisticsApp.swift */ = {isa = PBXFileReference; fileEncoding = 4; lastKnownFileType = sourcecode.swift; path = StateStatisticsApp.swift; sourceTree = "<group>"; };
		4583D895295C512A009D8F3E /* LandingView.swift */ = {isa = PBXFileReference; lastKnownFileType = sourcecode.swift; path = LandingView.swift; sourceTree = "<group>"; };
		4583D898295C53FC009D8F3E /* ExchangeRatesView.swift */ = {isa = PBXFileReference; lastKnownFileType = sourcecode.swift; path = ExchangeRatesView.swift; sourceTree = "<group>"; };
		4583D89A295C6742009D8F3E /* ExchangeRatesViewModel.swift */ = {isa = PBXFileReference; lastKnownFileType = sourcecode.swift; path = ExchangeRatesViewModel.swift; sourceTree = "<group>"; };
		4583D89E295CA934009D8F3E /* ExchangeRatesAssembly.swift */ = {isa = PBXFileReference; lastKnownFileType = sourcecode.swift; path = ExchangeRatesAssembly.swift; sourceTree = "<group>"; };
		4583D8A0295CAB51009D8F3E /* DependencyFactory.swift */ = {isa = PBXFileReference; lastKnownFileType = sourcecode.swift; path = DependencyFactory.swift; sourceTree = "<group>"; };
		4583D8A3295CB815009D8F3E /* ExchangeRateItem.swift */ = {isa = PBXFileReference; lastKnownFileType = sourcecode.swift; path = ExchangeRateItem.swift; sourceTree = "<group>"; };
		4583D8A6295CB84E009D8F3E /* ExchangeRateItemMapper.swift */ = {isa = PBXFileReference; lastKnownFileType = sourcecode.swift; path = ExchangeRateItemMapper.swift; sourceTree = "<group>"; };
		4583D8AB295D97EA009D8F3E /* LandingAssembly.swift */ = {isa = PBXFileReference; lastKnownFileType = sourcecode.swift; path = LandingAssembly.swift; sourceTree = "<group>"; };
		E703FCD4250E84FA0024B9AE /* Data.framework */ = {isa = PBXFileReference; explicitFileType = wrapper.framework; path = Data.framework; sourceTree = BUILT_PRODUCTS_DIR; };
		E703FCDD250E90260024B9AE /* DataKit.framework */ = {isa = PBXFileReference; explicitFileType = wrapper.framework; path = DataKit.framework; sourceTree = BUILT_PRODUCTS_DIR; };
		E703FCE1250E90290024B9AE /* DomainKit.framework */ = {isa = PBXFileReference; explicitFileType = wrapper.framework; path = DomainKit.framework; sourceTree = BUILT_PRODUCTS_DIR; };
		E777B3A224CB2D8C00114E05 /* StateStatisticsApp.app */ = {isa = PBXFileReference; explicitFileType = wrapper.application; includeInIndex = 0; path = StateStatisticsApp.app; sourceTree = BUILT_PRODUCTS_DIR; };
		E777B3AE24CB2D9000114E05 /* Assets.xcassets */ = {isa = PBXFileReference; lastKnownFileType = folder.assetcatalog; path = Assets.xcassets; sourceTree = "<group>"; };
		E777B3B324CB2D9000114E05 /* Info.plist */ = {isa = PBXFileReference; lastKnownFileType = text.plist.xml; path = Info.plist; sourceTree = "<group>"; };
		E777B3B824CB2D9000114E05 /* StateStatisticsAppTests.xctest */ = {isa = PBXFileReference; explicitFileType = wrapper.cfbundle; includeInIndex = 0; path = StateStatisticsAppTests.xctest; sourceTree = BUILT_PRODUCTS_DIR; };
		E777B3BC24CB2D9000114E05 /* StateStatisticsAppTests.swift */ = {isa = PBXFileReference; lastKnownFileType = sourcecode.swift; path = StateStatisticsAppTests.swift; sourceTree = "<group>"; };
		E777B3BE24CB2D9000114E05 /* Info.plist */ = {isa = PBXFileReference; lastKnownFileType = text.plist.xml; path = Info.plist; sourceTree = "<group>"; };
		E7AE812A250E265E00E5A187 /* Domain.framework */ = {isa = PBXFileReference; explicitFileType = wrapper.framework; path = Domain.framework; sourceTree = BUILT_PRODUCTS_DIR; };
/* End PBXFileReference section */

/* Begin PBXFrameworksBuildPhase section */
		E777B39F24CB2D8C00114E05 /* Frameworks */ = {
			isa = PBXFrameworksBuildPhase;
			buildActionMask = 2147483647;
			files = (
				451B520E270B95D000E2CEE8 /* RxCocoa in Frameworks */,
				451B5215270B95E900E2CEE8 /* Swinject in Frameworks */,
				E703FCE2250E90290024B9AE /* DomainKit.framework in Frameworks */,
				451B5210270B95D000E2CEE8 /* RxSwift in Frameworks */,
				E703FCDE250E90260024B9AE /* DataKit.framework in Frameworks */,
			);
			runOnlyForDeploymentPostprocessing = 0;
		};
		E777B3B524CB2D9000114E05 /* Frameworks */ = {
			isa = PBXFrameworksBuildPhase;
			buildActionMask = 2147483647;
			files = (
			);
			runOnlyForDeploymentPostprocessing = 0;
		};
/* End PBXFrameworksBuildPhase section */

/* Begin PBXGroup section */
		451B51F2270B92B300E2CEE8 /* Products */ = {
			isa = PBXGroup;
			children = (
				451B51F7270B92B300E2CEE8 /* DataKit.framework */,
				451B51F9270B92B300E2CEE8 /* DataKitTests.xctest */,
			);
			name = Products;
			sourceTree = "<group>";
		};
		4583D891295C5111009D8F3E /* Sources */ = {
			isa = PBXGroup;
			children = (
				4583D897295C53EB009D8F3E /* ExchangeRates */,
				4583D894295C511D009D8F3E /* Landing */,
				4583D892295C5111009D8F3E /* StateStatisticsApp.swift */,
				4583D8A0295CAB51009D8F3E /* DependencyFactory.swift */,
			);
			path = Sources;
			sourceTree = "<group>";
		};
		4583D894295C511D009D8F3E /* Landing */ = {
			isa = PBXGroup;
			children = (
				4583D8AB295D97EA009D8F3E /* LandingAssembly.swift */,
				4583D895295C512A009D8F3E /* LandingView.swift */,
			);
			path = Landing;
			sourceTree = "<group>";
		};
		4583D897295C53EB009D8F3E /* ExchangeRates */ = {
			isa = PBXGroup;
			children = (
				4583D8A5295CB834009D8F3E /* Mapper */,
				4583D8A2295CB802009D8F3E /* Model */,
				4583D89E295CA934009D8F3E /* ExchangeRatesAssembly.swift */,
				4583D898295C53FC009D8F3E /* ExchangeRatesView.swift */,
				4583D89A295C6742009D8F3E /* ExchangeRatesViewModel.swift */,
			);
			path = ExchangeRates;
			sourceTree = "<group>";
		};
		4583D8A2295CB802009D8F3E /* Model */ = {
			isa = PBXGroup;
			children = (
				4583D8A3295CB815009D8F3E /* ExchangeRateItem.swift */,
			);
			path = Model;
			sourceTree = "<group>";
		};
		4583D8A5295CB834009D8F3E /* Mapper */ = {
			isa = PBXGroup;
			children = (
				4583D8A6295CB84E009D8F3E /* ExchangeRateItemMapper.swift */,
			);
			path = Mapper;
			sourceTree = "<group>";
		};
		CDEF95FEF3AE452B02B7BD0A /* Frameworks */ = {
			isa = PBXGroup;
			children = (
				451B51F1270B92B300E2CEE8 /* DataKit.xcodeproj */,
				E703FCE1250E90290024B9AE /* DomainKit.framework */,
				E703FCDD250E90260024B9AE /* DataKit.framework */,
				E703FCD4250E84FA0024B9AE /* Data.framework */,
				E7AE812A250E265E00E5A187 /* Domain.framework */,
			);
			name = Frameworks;
			sourceTree = "<group>";
		};
		E777B39924CB2D8C00114E05 = {
			isa = PBXGroup;
			children = (
				E777B3A424CB2D8C00114E05 /* StateStatisticsApp */,
				E777B3BB24CB2D9000114E05 /* StateStatisticsAppTests */,
				E777B3A324CB2D8C00114E05 /* Products */,
				CDEF95FEF3AE452B02B7BD0A /* Frameworks */,
			);
			sourceTree = "<group>";
		};
		E777B3A324CB2D8C00114E05 /* Products */ = {
			isa = PBXGroup;
			children = (
				E777B3A224CB2D8C00114E05 /* StateStatisticsApp.app */,
				E777B3B824CB2D9000114E05 /* StateStatisticsAppTests.xctest */,
			);
			name = Products;
			sourceTree = "<group>";
		};
		E777B3A424CB2D8C00114E05 /* StateStatisticsApp */ = {
			isa = PBXGroup;
			children = (
				4583D891295C5111009D8F3E /* Sources */,
				E777B3AE24CB2D9000114E05 /* Assets.xcassets */,
				E777B3B324CB2D9000114E05 /* Info.plist */,
			);
			path = StateStatisticsApp;
			sourceTree = "<group>";
		};
		E777B3BB24CB2D9000114E05 /* StateStatisticsAppTests */ = {
			isa = PBXGroup;
			children = (
				E777B3BC24CB2D9000114E05 /* StateStatisticsAppTests.swift */,
				E777B3BE24CB2D9000114E05 /* Info.plist */,
			);
			path = StateStatisticsAppTests;
			sourceTree = "<group>";
		};
/* End PBXGroup section */

/* Begin PBXNativeTarget section */
		E777B3A124CB2D8C00114E05 /* StateStatisticsApp */ = {
			isa = PBXNativeTarget;
			buildConfigurationList = E777B3C124CB2D9000114E05 /* Build configuration list for PBXNativeTarget "StateStatisticsApp" */;
			buildPhases = (
				E777B39E24CB2D8C00114E05 /* Sources */,
				E777B39F24CB2D8C00114E05 /* Frameworks */,
				E777B3A024CB2D8C00114E05 /* Resources */,
				E703FCE0250E90260024B9AE /* Embed Frameworks */,
			);
			buildRules = (
			);
			dependencies = (
			);
			name = StateStatisticsApp;
			packageProductDependencies = (
				451B520D270B95D000E2CEE8 /* RxCocoa */,
				451B520F270B95D000E2CEE8 /* RxSwift */,
				451B5214270B95E900E2CEE8 /* Swinject */,
			);
			productName = StateStatisticsApp;
			productReference = E777B3A224CB2D8C00114E05 /* StateStatisticsApp.app */;
			productType = "com.apple.product-type.application";
		};
		E777B3B724CB2D9000114E05 /* StateStatisticsAppTests */ = {
			isa = PBXNativeTarget;
			buildConfigurationList = E777B3C424CB2D9000114E05 /* Build configuration list for PBXNativeTarget "StateStatisticsAppTests" */;
			buildPhases = (
				E777B3B424CB2D9000114E05 /* Sources */,
				E777B3B524CB2D9000114E05 /* Frameworks */,
				E777B3B624CB2D9000114E05 /* Resources */,
			);
			buildRules = (
			);
			dependencies = (
				E777B3BA24CB2D9000114E05 /* PBXTargetDependency */,
			);
			name = StateStatisticsAppTests;
			productName = StateStatisticsAppTests;
			productReference = E777B3B824CB2D9000114E05 /* StateStatisticsAppTests.xctest */;
			productType = "com.apple.product-type.bundle.unit-test";
		};
/* End PBXNativeTarget section */

/* Begin PBXProject section */
		E777B39A24CB2D8C00114E05 /* Project object */ = {
			isa = PBXProject;
			attributes = {
				LastSwiftUpdateCheck = 1150;
				LastUpgradeCheck = 1250;
				ORGANIZATIONNAME = "Vladimir Shemet";
				TargetAttributes = {
					E777B3A124CB2D8C00114E05 = {
						CreatedOnToolsVersion = 11.5;
					};
					E777B3B724CB2D9000114E05 = {
						CreatedOnToolsVersion = 11.5;
						TestTargetID = E777B3A124CB2D8C00114E05;
					};
				};
			};
			buildConfigurationList = E777B39D24CB2D8C00114E05 /* Build configuration list for PBXProject "StateStatisticsApp" */;
			compatibilityVersion = "Xcode 9.3";
			developmentRegion = en;
			hasScannedForEncodings = 0;
			knownRegions = (
				en,
				Base,
			);
			mainGroup = E777B39924CB2D8C00114E05;
			packageReferences = (
				451B520C270B95D000E2CEE8 /* XCRemoteSwiftPackageReference "RxSwift" */,
				451B5213270B95E900E2CEE8 /* XCRemoteSwiftPackageReference "Swinject" */,
			);
			productRefGroup = E777B3A324CB2D8C00114E05 /* Products */;
			projectDirPath = "";
			projectReferences = (
				{
					ProductGroup = 451B51F2270B92B300E2CEE8 /* Products */;
					ProjectRef = 451B51F1270B92B300E2CEE8 /* DataKit.xcodeproj */;
				},
			);
			projectRoot = "";
			targets = (
				E777B3A124CB2D8C00114E05 /* StateStatisticsApp */,
				E777B3B724CB2D9000114E05 /* StateStatisticsAppTests */,
			);
		};
/* End PBXProject section */

/* Begin PBXReferenceProxy section */
		451B51F7270B92B300E2CEE8 /* DataKit.framework */ = {
			isa = PBXReferenceProxy;
			fileType = wrapper.framework;
			path = DataKit.framework;
			remoteRef = 451B51F6270B92B300E2CEE8 /* PBXContainerItemProxy */;
			sourceTree = BUILT_PRODUCTS_DIR;
		};
		451B51F9270B92B300E2CEE8 /* DataKitTests.xctest */ = {
			isa = PBXReferenceProxy;
			fileType = wrapper.cfbundle;
			path = DataKitTests.xctest;
			remoteRef = 451B51F8270B92B300E2CEE8 /* PBXContainerItemProxy */;
			sourceTree = BUILT_PRODUCTS_DIR;
		};
/* End PBXReferenceProxy section */

/* Begin PBXResourcesBuildPhase section */
		E777B3A024CB2D8C00114E05 /* Resources */ = {
			isa = PBXResourcesBuildPhase;
			buildActionMask = 2147483647;
			files = (
				E777B3AF24CB2D9000114E05 /* Assets.xcassets in Resources */,
			);
			runOnlyForDeploymentPostprocessing = 0;
		};
		E777B3B624CB2D9000114E05 /* Resources */ = {
			isa = PBXResourcesBuildPhase;
			buildActionMask = 2147483647;
			files = (
			);
			runOnlyForDeploymentPostprocessing = 0;
		};
/* End PBXResourcesBuildPhase section */

/* Begin PBXSourcesBuildPhase section */
		E777B39E24CB2D8C00114E05 /* Sources */ = {
			isa = PBXSourcesBuildPhase;
			buildActionMask = 2147483647;
			files = (
				4583D89F295CA934009D8F3E /* ExchangeRatesAssembly.swift in Sources */,
				4583D893295C5111009D8F3E /* StateStatisticsApp.swift in Sources */,
				4583D8AC295D97EA009D8F3E /* LandingAssembly.swift in Sources */,
				4583D8A7295CB84E009D8F3E /* ExchangeRateItemMapper.swift in Sources */,
				4583D89B295C6742009D8F3E /* ExchangeRatesViewModel.swift in Sources */,
				4583D899295C53FC009D8F3E /* ExchangeRatesView.swift in Sources */,
				4583D896295C512A009D8F3E /* LandingView.swift in Sources */,
				4583D8A1295CAB51009D8F3E /* DependencyFactory.swift in Sources */,
				4583D8A4295CB815009D8F3E /* ExchangeRateItem.swift in Sources */,
			);
			runOnlyForDeploymentPostprocessing = 0;
		};
		E777B3B424CB2D9000114E05 /* Sources */ = {
			isa = PBXSourcesBuildPhase;
			buildActionMask = 2147483647;
			files = (
				E777B3BD24CB2D9000114E05 /* StateStatisticsAppTests.swift in Sources */,
			);
			runOnlyForDeploymentPostprocessing = 0;
		};
/* End PBXSourcesBuildPhase section */

/* Begin PBXTargetDependency section */
		E777B3BA24CB2D9000114E05 /* PBXTargetDependency */ = {
			isa = PBXTargetDependency;
			target = E777B3A124CB2D8C00114E05 /* StateStatisticsApp */;
			targetProxy = E777B3B924CB2D9000114E05 /* PBXContainerItemProxy */;
		};
/* End PBXTargetDependency section */

/* Begin XCBuildConfiguration section */
		E777B3BF24CB2D9000114E05 /* Debug */ = {
			isa = XCBuildConfiguration;
			buildSettings = {
				ALWAYS_SEARCH_USER_PATHS = NO;
				CLANG_ANALYZER_NONNULL = YES;
				CLANG_ANALYZER_NUMBER_OBJECT_CONVERSION = YES_AGGRESSIVE;
				CLANG_CXX_LANGUAGE_STANDARD = "gnu++14";
				CLANG_CXX_LIBRARY = "libc++";
				CLANG_ENABLE_MODULES = YES;
				CLANG_ENABLE_OBJC_ARC = YES;
				CLANG_ENABLE_OBJC_WEAK = YES;
				CLANG_WARN_BLOCK_CAPTURE_AUTORELEASING = YES;
				CLANG_WARN_BOOL_CONVERSION = YES;
				CLANG_WARN_COMMA = YES;
				CLANG_WARN_CONSTANT_CONVERSION = YES;
				CLANG_WARN_DEPRECATED_OBJC_IMPLEMENTATIONS = YES;
				CLANG_WARN_DIRECT_OBJC_ISA_USAGE = YES_ERROR;
				CLANG_WARN_DOCUMENTATION_COMMENTS = YES;
				CLANG_WARN_EMPTY_BODY = YES;
				CLANG_WARN_ENUM_CONVERSION = YES;
				CLANG_WARN_INFINITE_RECURSION = YES;
				CLANG_WARN_INT_CONVERSION = YES;
				CLANG_WARN_NON_LITERAL_NULL_CONVERSION = YES;
				CLANG_WARN_OBJC_IMPLICIT_RETAIN_SELF = YES;
				CLANG_WARN_OBJC_LITERAL_CONVERSION = YES;
				CLANG_WARN_OBJC_ROOT_CLASS = YES_ERROR;
				CLANG_WARN_QUOTED_INCLUDE_IN_FRAMEWORK_HEADER = YES;
				CLANG_WARN_RANGE_LOOP_ANALYSIS = YES;
				CLANG_WARN_STRICT_PROTOTYPES = YES;
				CLANG_WARN_SUSPICIOUS_MOVE = YES;
				CLANG_WARN_UNGUARDED_AVAILABILITY = YES_AGGRESSIVE;
				CLANG_WARN_UNREACHABLE_CODE = YES;
				CLANG_WARN__DUPLICATE_METHOD_MATCH = YES;
				COPY_PHASE_STRIP = NO;
				DEBUG_INFORMATION_FORMAT = dwarf;
				ENABLE_STRICT_OBJC_MSGSEND = YES;
				ENABLE_TESTABILITY = YES;
				GCC_C_LANGUAGE_STANDARD = gnu11;
				GCC_DYNAMIC_NO_PIC = NO;
				GCC_NO_COMMON_BLOCKS = YES;
				GCC_OPTIMIZATION_LEVEL = 0;
				GCC_PREPROCESSOR_DEFINITIONS = (
					"DEBUG=1",
					"$(inherited)",
				);
				GCC_WARN_64_TO_32_BIT_CONVERSION = YES;
				GCC_WARN_ABOUT_RETURN_TYPE = YES_ERROR;
				GCC_WARN_UNDECLARED_SELECTOR = YES;
				GCC_WARN_UNINITIALIZED_AUTOS = YES_AGGRESSIVE;
				GCC_WARN_UNUSED_FUNCTION = YES;
				GCC_WARN_UNUSED_VARIABLE = YES;
				IPHONEOS_DEPLOYMENT_TARGET = 14.0;
				MTL_ENABLE_DEBUG_INFO = INCLUDE_SOURCE;
				MTL_FAST_MATH = YES;
				ONLY_ACTIVE_ARCH = YES;
				SDKROOT = iphoneos;
				SWIFT_ACTIVE_COMPILATION_CONDITIONS = DEBUG;
				SWIFT_OPTIMIZATION_LEVEL = "-Onone";
			};
			name = Debug;
		};
		E777B3C024CB2D9000114E05 /* Release */ = {
			isa = XCBuildConfiguration;
			buildSettings = {
				ALWAYS_SEARCH_USER_PATHS = NO;
				CLANG_ANALYZER_NONNULL = YES;
				CLANG_ANALYZER_NUMBER_OBJECT_CONVERSION = YES_AGGRESSIVE;
				CLANG_CXX_LANGUAGE_STANDARD = "gnu++14";
				CLANG_CXX_LIBRARY = "libc++";
				CLANG_ENABLE_MODULES = YES;
				CLANG_ENABLE_OBJC_ARC = YES;
				CLANG_ENABLE_OBJC_WEAK = YES;
				CLANG_WARN_BLOCK_CAPTURE_AUTORELEASING = YES;
				CLANG_WARN_BOOL_CONVERSION = YES;
				CLANG_WARN_COMMA = YES;
				CLANG_WARN_CONSTANT_CONVERSION = YES;
				CLANG_WARN_DEPRECATED_OBJC_IMPLEMENTATIONS = YES;
				CLANG_WARN_DIRECT_OBJC_ISA_USAGE = YES_ERROR;
				CLANG_WARN_DOCUMENTATION_COMMENTS = YES;
				CLANG_WARN_EMPTY_BODY = YES;
				CLANG_WARN_ENUM_CONVERSION = YES;
				CLANG_WARN_INFINITE_RECURSION = YES;
				CLANG_WARN_INT_CONVERSION = YES;
				CLANG_WARN_NON_LITERAL_NULL_CONVERSION = YES;
				CLANG_WARN_OBJC_IMPLICIT_RETAIN_SELF = YES;
				CLANG_WARN_OBJC_LITERAL_CONVERSION = YES;
				CLANG_WARN_OBJC_ROOT_CLASS = YES_ERROR;
				CLANG_WARN_QUOTED_INCLUDE_IN_FRAMEWORK_HEADER = YES;
				CLANG_WARN_RANGE_LOOP_ANALYSIS = YES;
				CLANG_WARN_STRICT_PROTOTYPES = YES;
				CLANG_WARN_SUSPICIOUS_MOVE = YES;
				CLANG_WARN_UNGUARDED_AVAILABILITY = YES_AGGRESSIVE;
				CLANG_WARN_UNREACHABLE_CODE = YES;
				CLANG_WARN__DUPLICATE_METHOD_MATCH = YES;
				COPY_PHASE_STRIP = NO;
				DEBUG_INFORMATION_FORMAT = "dwarf-with-dsym";
				ENABLE_NS_ASSERTIONS = NO;
				ENABLE_STRICT_OBJC_MSGSEND = YES;
				GCC_C_LANGUAGE_STANDARD = gnu11;
				GCC_NO_COMMON_BLOCKS = YES;
				GCC_WARN_64_TO_32_BIT_CONVERSION = YES;
				GCC_WARN_ABOUT_RETURN_TYPE = YES_ERROR;
				GCC_WARN_UNDECLARED_SELECTOR = YES;
				GCC_WARN_UNINITIALIZED_AUTOS = YES_AGGRESSIVE;
				GCC_WARN_UNUSED_FUNCTION = YES;
				GCC_WARN_UNUSED_VARIABLE = YES;
				IPHONEOS_DEPLOYMENT_TARGET = 14.0;
				MTL_ENABLE_DEBUG_INFO = NO;
				MTL_FAST_MATH = YES;
				SDKROOT = iphoneos;
				SWIFT_COMPILATION_MODE = wholemodule;
				SWIFT_OPTIMIZATION_LEVEL = "-O";
				VALIDATE_PRODUCT = YES;
			};
			name = Release;
		};
		E777B3C224CB2D9000114E05 /* Debug */ = {
			isa = XCBuildConfiguration;
			buildSettings = {
				ASSETCATALOG_COMPILER_APPICON_NAME = AppIcon;
				CODE_SIGN_STYLE = Automatic;
				CURRENT_PROJECT_VERSION = 1;
				DEVELOPMENT_TEAM = T8P25AMKUK;
				ENABLE_PREVIEWS = YES;
				GENERATE_INFOPLIST_FILE = YES;
				INFOPLIST_FILE = StateStatisticsApp/Info.plist;
				INFOPLIST_KEY_UIApplicationSceneManifest_Generation = YES;
				INFOPLIST_KEY_UILaunchScreen_Generation = YES;
				INFOPLIST_KEY_UIRequiredDeviceCapabilities = armv7;
				INFOPLIST_KEY_UISupportedInterfaceOrientations = UIInterfaceOrientationPortrait;
				INFOPLIST_KEY_UISupportedInterfaceOrientations_iPad = "UIInterfaceOrientationLandscapeLeft UIInterfaceOrientationLandscapeRight UIInterfaceOrientationPortrait UIInterfaceOrientationPortraitUpsideDown";
				IPHONEOS_DEPLOYMENT_TARGET = 15.0;
				LD_RUNPATH_SEARCH_PATHS = (
					"$(inherited)",
					"@executable_path/Frameworks",
					"$(FRAMEWORK_SEARCH_PATHS)",
				);
				MARKETING_VERSION = 0.0.1;
				PRODUCT_BUNDLE_IDENTIFIER = "Vladimir-Shemet.StateStatisticsApp";
				PRODUCT_NAME = "$(TARGET_NAME)";
				SWIFT_VERSION = 5.0;
				TARGETED_DEVICE_FAMILY = "1,2";
				VERSIONING_SYSTEM = "apple-generic";
			};
			name = Debug;
		};
		E777B3C324CB2D9000114E05 /* Release */ = {
			isa = XCBuildConfiguration;
			buildSettings = {
				ASSETCATALOG_COMPILER_APPICON_NAME = AppIcon;
				CODE_SIGN_STYLE = Automatic;
				CURRENT_PROJECT_VERSION = 1;
				DEVELOPMENT_TEAM = T8P25AMKUK;
				ENABLE_PREVIEWS = YES;
				GENERATE_INFOPLIST_FILE = YES;
				INFOPLIST_FILE = StateStatisticsApp/Info.plist;
				INFOPLIST_KEY_UIApplicationSceneManifest_Generation = YES;
				INFOPLIST_KEY_UILaunchScreen_Generation = YES;
				INFOPLIST_KEY_UIRequiredDeviceCapabilities = armv7;
				INFOPLIST_KEY_UISupportedInterfaceOrientations = UIInterfaceOrientationPortrait;
				INFOPLIST_KEY_UISupportedInterfaceOrientations_iPad = "UIInterfaceOrientationLandscapeLeft UIInterfaceOrientationLandscapeRight UIInterfaceOrientationPortrait UIInterfaceOrientationPortraitUpsideDown";
				IPHONEOS_DEPLOYMENT_TARGET = 15.0;
				LD_RUNPATH_SEARCH_PATHS = (
					"$(inherited)",
					"@executable_path/Frameworks",
					"$(FRAMEWORK_SEARCH_PATHS)",
				);
				MARKETING_VERSION = 0.0.1;
				PRODUCT_BUNDLE_IDENTIFIER = "Vladimir-Shemet.StateStatisticsApp";
				PRODUCT_NAME = "$(TARGET_NAME)";
				SWIFT_VERSION = 5.0;
				TARGETED_DEVICE_FAMILY = "1,2";
				VERSIONING_SYSTEM = "apple-generic";
			};
			name = Release;
		};
		E777B3C524CB2D9000114E05 /* Debug */ = {
			isa = XCBuildConfiguration;
			buildSettings = {
				ALWAYS_EMBED_SWIFT_STANDARD_LIBRARIES = YES;
				BUNDLE_LOADER = "$(TEST_HOST)";
				CODE_SIGN_STYLE = Automatic;
				DEVELOPMENT_TEAM = JD9642CCE2;
				INFOPLIST_FILE = StateStatisticsAppTests/Info.plist;
				IPHONEOS_DEPLOYMENT_TARGET = 13.5;
				LD_RUNPATH_SEARCH_PATHS = (
					"$(inherited)",
					"@executable_path/Frameworks",
					"@loader_path/Frameworks",
				);
				PRODUCT_BUNDLE_IDENTIFIER = "Vladimir-Shemet.StateStatisticsAppTests";
				PRODUCT_NAME = "$(TARGET_NAME)";
				SWIFT_VERSION = 5.0;
				TARGETED_DEVICE_FAMILY = "1,2";
				TEST_HOST = "$(BUILT_PRODUCTS_DIR)/StateStatisticsApp.app/StateStatisticsApp";
			};
			name = Debug;
		};
		E777B3C624CB2D9000114E05 /* Release */ = {
			isa = XCBuildConfiguration;
			buildSettings = {
				ALWAYS_EMBED_SWIFT_STANDARD_LIBRARIES = YES;
				BUNDLE_LOADER = "$(TEST_HOST)";
				CODE_SIGN_STYLE = Automatic;
				DEVELOPMENT_TEAM = JD9642CCE2;
				INFOPLIST_FILE = StateStatisticsAppTests/Info.plist;
				IPHONEOS_DEPLOYMENT_TARGET = 13.5;
				LD_RUNPATH_SEARCH_PATHS = (
					"$(inherited)",
					"@executable_path/Frameworks",
					"@loader_path/Frameworks",
				);
				PRODUCT_BUNDLE_IDENTIFIER = "Vladimir-Shemet.StateStatisticsAppTests";
				PRODUCT_NAME = "$(TARGET_NAME)";
				SWIFT_VERSION = 5.0;
				TARGETED_DEVICE_FAMILY = "1,2";
				TEST_HOST = "$(BUILT_PRODUCTS_DIR)/StateStatisticsApp.app/StateStatisticsApp";
			};
			name = Release;
		};
/* End XCBuildConfiguration section */

/* Begin XCConfigurationList section */
		E777B39D24CB2D8C00114E05 /* Build configuration list for PBXProject "StateStatisticsApp" */ = {
			isa = XCConfigurationList;
			buildConfigurations = (
				E777B3BF24CB2D9000114E05 /* Debug */,
				E777B3C024CB2D9000114E05 /* Release */,
			);
			defaultConfigurationIsVisible = 0;
			defaultConfigurationName = Release;
		};
		E777B3C124CB2D9000114E05 /* Build configuration list for PBXNativeTarget "StateStatisticsApp" */ = {
			isa = XCConfigurationList;
			buildConfigurations = (
				E777B3C224CB2D9000114E05 /* Debug */,
				E777B3C324CB2D9000114E05 /* Release */,
			);
			defaultConfigurationIsVisible = 0;
			defaultConfigurationName = Release;
		};
		E777B3C424CB2D9000114E05 /* Build configuration list for PBXNativeTarget "StateStatisticsAppTests" */ = {
			isa = XCConfigurationList;
			buildConfigurations = (
				E777B3C524CB2D9000114E05 /* Debug */,
				E777B3C624CB2D9000114E05 /* Release */,
			);
			defaultConfigurationIsVisible = 0;
			defaultConfigurationName = Release;
		};
/* End XCConfigurationList section */

/* Begin XCRemoteSwiftPackageReference section */
		451B520C270B95D000E2CEE8 /* XCRemoteSwiftPackageReference "RxSwift" */ = {
			isa = XCRemoteSwiftPackageReference;
			repositoryURL = "https://github.com/ReactiveX/RxSwift.git";
			requirement = {
				branch = main;
				kind = branch;
			};
		};
		451B5213270B95E900E2CEE8 /* XCRemoteSwiftPackageReference "Swinject" */ = {
			isa = XCRemoteSwiftPackageReference;
			repositoryURL = "https://github.com/Swinject/Swinject.git";
			requirement = {
				branch = master;
				kind = branch;
			};
		};
/* End XCRemoteSwiftPackageReference section */

/* Begin XCSwiftPackageProductDependency section */
		451B520D270B95D000E2CEE8 /* RxCocoa */ = {
			isa = XCSwiftPackageProductDependency;
			package = 451B520C270B95D000E2CEE8 /* XCRemoteSwiftPackageReference "RxSwift" */;
			productName = RxCocoa;
		};
		451B520F270B95D000E2CEE8 /* RxSwift */ = {
			isa = XCSwiftPackageProductDependency;
			package = 451B520C270B95D000E2CEE8 /* XCRemoteSwiftPackageReference "RxSwift" */;
			productName = RxSwift;
		};
		451B5214270B95E900E2CEE8 /* Swinject */ = {
			isa = XCSwiftPackageProductDependency;
			package = 451B5213270B95E900E2CEE8 /* XCRemoteSwiftPackageReference "Swinject" */;
			productName = Swinject;
		};
/* End XCSwiftPackageProductDependency section */
	};
	rootObject = E777B39A24CB2D8C00114E05 /* Project object */;
}
