// !$*UTF8*$!
{
	archiveVersion = 1;
	classes = {
	};
	objectVersion = 50;
	objects = {

/* Begin PBXBuildFile section */
		201D679B7D98D19996E2B88C /* Pods_DomainKit.framework in Frameworks */ = {isa = PBXBuildFile; fileRef = AB5E8CAB3503374BC52D63EE /* Pods_DomainKit.framework */; };
		E777B42324CB307B00114E05 /* DomainKit.framework in Frameworks */ = {isa = PBXBuildFile; fileRef = E777B41924CB307B00114E05 /* DomainKit.framework */; };
		E777B42824CB307B00114E05 /* DomainTests.swift in Sources */ = {isa = PBXBuildFile; fileRef = E777B42724CB307B00114E05 /* DomainTests.swift */; };
		E777B42A24CB307B00114E05 /* Domain.h in Headers */ = {isa = PBXBuildFile; fileRef = E777B41C24CB307B00114E05 /* Domain.h */; settings = {ATTRIBUTES = (Public, ); }; };
/* End PBXBuildFile section */

/* Begin PBXContainerItemProxy section */
		E777B42424CB307B00114E05 /* PBXContainerItemProxy */ = {
			isa = PBXContainerItemProxy;
			containerPortal = E777B41024CB307B00114E05 /* Project object */;
			proxyType = 1;
			remoteGlobalIDString = E777B41824CB307B00114E05;
			remoteInfo = Domain;
		};
/* End PBXContainerItemProxy section */

/* Begin PBXFileReference section */
		1612F97B3A777BA900772E42 /* Pods-Domain.debug.xcconfig */ = {isa = PBXFileReference; includeInIndex = 1; lastKnownFileType = text.xcconfig; name = "Pods-Domain.debug.xcconfig"; path = "Target Support Files/Pods-Domain/Pods-Domain.debug.xcconfig"; sourceTree = "<group>"; };
		1BA5B663E984EDF86550BBB6 /* Pods-DomainKit.release.xcconfig */ = {isa = PBXFileReference; includeInIndex = 1; lastKnownFileType = text.xcconfig; name = "Pods-DomainKit.release.xcconfig"; path = "Target Support Files/Pods-DomainKit/Pods-DomainKit.release.xcconfig"; sourceTree = "<group>"; };
		AB5E8CAB3503374BC52D63EE /* Pods_DomainKit.framework */ = {isa = PBXFileReference; explicitFileType = wrapper.framework; includeInIndex = 0; path = Pods_DomainKit.framework; sourceTree = BUILT_PRODUCTS_DIR; };
		B5C44789F7AB21C1BD87B669 /* Pods-Domain.release.xcconfig */ = {isa = PBXFileReference; includeInIndex = 1; lastKnownFileType = text.xcconfig; name = "Pods-Domain.release.xcconfig"; path = "Target Support Files/Pods-Domain/Pods-Domain.release.xcconfig"; sourceTree = "<group>"; };
		E777B41924CB307B00114E05 /* DomainKit.framework */ = {isa = PBXFileReference; explicitFileType = wrapper.framework; includeInIndex = 0; path = DomainKit.framework; sourceTree = BUILT_PRODUCTS_DIR; };
		E777B41C24CB307B00114E05 /* Domain.h */ = {isa = PBXFileReference; lastKnownFileType = sourcecode.c.h; path = Domain.h; sourceTree = "<group>"; };
		E777B41D24CB307B00114E05 /* Info.plist */ = {isa = PBXFileReference; lastKnownFileType = text.plist.xml; path = Info.plist; sourceTree = "<group>"; };
		E777B42224CB307B00114E05 /* DomainKitTests.xctest */ = {isa = PBXFileReference; explicitFileType = wrapper.cfbundle; includeInIndex = 0; path = DomainKitTests.xctest; sourceTree = BUILT_PRODUCTS_DIR; };
		E777B42724CB307B00114E05 /* DomainTests.swift */ = {isa = PBXFileReference; lastKnownFileType = sourcecode.swift; path = DomainTests.swift; sourceTree = "<group>"; };
		E777B42924CB307B00114E05 /* Info.plist */ = {isa = PBXFileReference; lastKnownFileType = text.plist.xml; path = Info.plist; sourceTree = "<group>"; };
		E7AE8126250E265200E5A187 /* Data.framework */ = {isa = PBXFileReference; explicitFileType = wrapper.framework; path = Data.framework; sourceTree = BUILT_PRODUCTS_DIR; };
		F1FF37C7C3808D66CF78CF85 /* Pods-DomainKit.debug.xcconfig */ = {isa = PBXFileReference; includeInIndex = 1; lastKnownFileType = text.xcconfig; name = "Pods-DomainKit.debug.xcconfig"; path = "Target Support Files/Pods-DomainKit/Pods-DomainKit.debug.xcconfig"; sourceTree = "<group>"; };
/* End PBXFileReference section */

/* Begin PBXFrameworksBuildPhase section */
		E777B41624CB307B00114E05 /* Frameworks */ = {
			isa = PBXFrameworksBuildPhase;
			buildActionMask = 2147483647;
			files = (
				201D679B7D98D19996E2B88C /* Pods_DomainKit.framework in Frameworks */,
			);
			runOnlyForDeploymentPostprocessing = 0;
		};
		E777B41F24CB307B00114E05 /* Frameworks */ = {
			isa = PBXFrameworksBuildPhase;
			buildActionMask = 2147483647;
			files = (
				E777B42324CB307B00114E05 /* DomainKit.framework in Frameworks */,
			);
			runOnlyForDeploymentPostprocessing = 0;
		};
/* End PBXFrameworksBuildPhase section */

/* Begin PBXGroup section */
		3D8507FCBC5C5FFD5AE9DEF8 /* Pods */ = {
			isa = PBXGroup;
			children = (
				1612F97B3A777BA900772E42 /* Pods-Domain.debug.xcconfig */,
				B5C44789F7AB21C1BD87B669 /* Pods-Domain.release.xcconfig */,
				F1FF37C7C3808D66CF78CF85 /* Pods-DomainKit.debug.xcconfig */,
				1BA5B663E984EDF86550BBB6 /* Pods-DomainKit.release.xcconfig */,
			);
			name = Pods;
			path = ../Pods;
			sourceTree = "<group>";
		};
		C14DCB9D747F7D8E003045DB /* Frameworks */ = {
			isa = PBXGroup;
			children = (
				E7AE8126250E265200E5A187 /* Data.framework */,
				AB5E8CAB3503374BC52D63EE /* Pods_DomainKit.framework */,
			);
			name = Frameworks;
			sourceTree = "<group>";
		};
		E777B40F24CB307B00114E05 = {
			isa = PBXGroup;
			children = (
				E777B41B24CB307B00114E05 /* Domain */,
				E777B42624CB307B00114E05 /* DomainTests */,
				E777B41A24CB307B00114E05 /* Products */,
				3D8507FCBC5C5FFD5AE9DEF8 /* Pods */,
				C14DCB9D747F7D8E003045DB /* Frameworks */,
			);
			sourceTree = "<group>";
		};
		E777B41A24CB307B00114E05 /* Products */ = {
			isa = PBXGroup;
			children = (
				E777B41924CB307B00114E05 /* DomainKit.framework */,
				E777B42224CB307B00114E05 /* DomainKitTests.xctest */,
			);
			name = Products;
			sourceTree = "<group>";
		};
		E777B41B24CB307B00114E05 /* Domain */ = {
			isa = PBXGroup;
			children = (
				E777B41C24CB307B00114E05 /* Domain.h */,
				E777B41D24CB307B00114E05 /* Info.plist */,
			);
			path = Domain;
			sourceTree = "<group>";
		};
		E777B42624CB307B00114E05 /* DomainTests */ = {
			isa = PBXGroup;
			children = (
				E777B42724CB307B00114E05 /* DomainTests.swift */,
				E777B42924CB307B00114E05 /* Info.plist */,
			);
			path = DomainTests;
			sourceTree = "<group>";
		};
/* End PBXGroup section */

/* Begin PBXHeadersBuildPhase section */
		E777B41424CB307B00114E05 /* Headers */ = {
			isa = PBXHeadersBuildPhase;
			buildActionMask = 2147483647;
			files = (
				E777B42A24CB307B00114E05 /* Domain.h in Headers */,
			);
			runOnlyForDeploymentPostprocessing = 0;
		};
/* End PBXHeadersBuildPhase section */

/* Begin PBXNativeTarget section */
		E777B41824CB307B00114E05 /* DomainKit */ = {
			isa = PBXNativeTarget;
			buildConfigurationList = E777B42D24CB307B00114E05 /* Build configuration list for PBXNativeTarget "DomainKit" */;
			buildPhases = (
				519B8320DB714B02225E26DA /* [CP] Check Pods Manifest.lock */,
				E777B41424CB307B00114E05 /* Headers */,
				E777B41524CB307B00114E05 /* Sources */,
				E777B41624CB307B00114E05 /* Frameworks */,
				E777B41724CB307B00114E05 /* Resources */,
			);
			buildRules = (
			);
			dependencies = (
			);
			name = DomainKit;
			productName = Domain;
			productReference = E777B41924CB307B00114E05 /* DomainKit.framework */;
			productType = "com.apple.product-type.framework";
		};
		E777B42124CB307B00114E05 /* DomainKitTests */ = {
			isa = PBXNativeTarget;
			buildConfigurationList = E777B43024CB307B00114E05 /* Build configuration list for PBXNativeTarget "DomainKitTests" */;
			buildPhases = (
				E777B41E24CB307B00114E05 /* Sources */,
				E777B41F24CB307B00114E05 /* Frameworks */,
				E777B42024CB307B00114E05 /* Resources */,
			);
			buildRules = (
			);
			dependencies = (
				E777B42524CB307B00114E05 /* PBXTargetDependency */,
			);
			name = DomainKitTests;
			productName = DomainTests;
			productReference = E777B42224CB307B00114E05 /* DomainKitTests.xctest */;
			productType = "com.apple.product-type.bundle.unit-test";
		};
/* End PBXNativeTarget section */

/* Begin PBXProject section */
		E777B41024CB307B00114E05 /* Project object */ = {
			isa = PBXProject;
			attributes = {
				LastSwiftUpdateCheck = 1150;
				LastUpgradeCheck = 1150;
				ORGANIZATIONNAME = "Vladimir Shemet";
				TargetAttributes = {
					E777B41824CB307B00114E05 = {
						CreatedOnToolsVersion = 11.5;
					};
					E777B42124CB307B00114E05 = {
						CreatedOnToolsVersion = 11.5;
					};
				};
			};
			buildConfigurationList = E777B41324CB307B00114E05 /* Build configuration list for PBXProject "DomainKit" */;
			compatibilityVersion = "Xcode 9.3";
			developmentRegion = en;
			hasScannedForEncodings = 0;
			knownRegions = (
				en,
				Base,
			);
			mainGroup = E777B40F24CB307B00114E05;
			productRefGroup = E777B41A24CB307B00114E05 /* Products */;
			projectDirPath = "";
			projectRoot = "";
			targets = (
				E777B41824CB307B00114E05 /* DomainKit */,
				E777B42124CB307B00114E05 /* DomainKitTests */,
			);
		};
/* End PBXProject section */

/* Begin PBXResourcesBuildPhase section */
		E777B41724CB307B00114E05 /* Resources */ = {
			isa = PBXResourcesBuildPhase;
			buildActionMask = 2147483647;
			files = (
			);
			runOnlyForDeploymentPostprocessing = 0;
		};
		E777B42024CB307B00114E05 /* Resources */ = {
			isa = PBXResourcesBuildPhase;
			buildActionMask = 2147483647;
			files = (
			);
			runOnlyForDeploymentPostprocessing = 0;
		};
/* End PBXResourcesBuildPhase section */

/* Begin PBXShellScriptBuildPhase section */
		519B8320DB714B02225E26DA /* [CP] Check Pods Manifest.lock */ = {
			isa = PBXShellScriptBuildPhase;
			buildActionMask = 2147483647;
			files = (
			);
			inputFileListPaths = (
			);
			inputPaths = (
				"${PODS_PODFILE_DIR_PATH}/Podfile.lock",
				"${PODS_ROOT}/Manifest.lock",
			);
			name = "[CP] Check Pods Manifest.lock";
			outputFileListPaths = (
			);
			outputPaths = (
				"$(DERIVED_FILE_DIR)/Pods-DomainKit-checkManifestLockResult.txt",
			);
			runOnlyForDeploymentPostprocessing = 0;
			shellPath = /bin/sh;
			shellScript = "diff \"${PODS_PODFILE_DIR_PATH}/Podfile.lock\" \"${PODS_ROOT}/Manifest.lock\" > /dev/null\nif [ $? != 0 ] ; then\n    # print error to STDERR\n    echo \"error: The sandbox is not in sync with the Podfile.lock. Run 'pod install' or update your CocoaPods installation.\" >&2\n    exit 1\nfi\n# This output is used by Xcode 'outputs' to avoid re-running this script phase.\necho \"SUCCESS\" > \"${SCRIPT_OUTPUT_FILE_0}\"\n";
			showEnvVarsInLog = 0;
		};
/* End PBXShellScriptBuildPhase section */

/* Begin PBXSourcesBuildPhase section */
		E777B41524CB307B00114E05 /* Sources */ = {
			isa = PBXSourcesBuildPhase;
			buildActionMask = 2147483647;
			files = (
			);
			runOnlyForDeploymentPostprocessing = 0;
		};
		E777B41E24CB307B00114E05 /* Sources */ = {
			isa = PBXSourcesBuildPhase;
			buildActionMask = 2147483647;
			files = (
				E777B42824CB307B00114E05 /* DomainTests.swift in Sources */,
			);
			runOnlyForDeploymentPostprocessing = 0;
		};
/* End PBXSourcesBuildPhase section */

/* Begin PBXTargetDependency section */
		E777B42524CB307B00114E05 /* PBXTargetDependency */ = {
			isa = PBXTargetDependency;
			target = E777B41824CB307B00114E05 /* DomainKit */;
			targetProxy = E777B42424CB307B00114E05 /* PBXContainerItemProxy */;
		};
/* End PBXTargetDependency section */

/* Begin XCBuildConfiguration section */
		E777B42B24CB307B00114E05 /* Debug */ = {
			isa = XCBuildConfiguration;
			buildSettings = {
				ALWAYS_SEARCH_USER_PATHS = NO;
				CLANG_ANALYZER_NONNULL = YES;
				CLANG_ANALYZER_NUMBER_OBJECT_CONVERSION = YES_AGGRESSIVE;
				CLANG_CXX_LANGUAGE_STANDARD = "gnu++14";
				CLANG_CXX_LIBRARY = "libc++";
				CLANG_ENABLE_MODULES = YES;
				CLANG_ENABLE_OBJC_ARC = YES;
				CLANG_ENABLE_OBJC_WEAK = YES;
				CLANG_WARN_BLOCK_CAPTURE_AUTORELEASING = YES;
				CLANG_WARN_BOOL_CONVERSION = YES;
				CLANG_WARN_COMMA = YES;
				CLANG_WARN_CONSTANT_CONVERSION = YES;
				CLANG_WARN_DEPRECATED_OBJC_IMPLEMENTATIONS = YES;
				CLANG_WARN_DIRECT_OBJC_ISA_USAGE = YES_ERROR;
				CLANG_WARN_DOCUMENTATION_COMMENTS = YES;
				CLANG_WARN_EMPTY_BODY = YES;
				CLANG_WARN_ENUM_CONVERSION = YES;
				CLANG_WARN_INFINITE_RECURSION = YES;
				CLANG_WARN_INT_CONVERSION = YES;
				CLANG_WARN_NON_LITERAL_NULL_CONVERSION = YES;
				CLANG_WARN_OBJC_IMPLICIT_RETAIN_SELF = YES;
				CLANG_WARN_OBJC_LITERAL_CONVERSION = YES;
				CLANG_WARN_OBJC_ROOT_CLASS = YES_ERROR;
				CLANG_WARN_RANGE_LOOP_ANALYSIS = YES;
				CLANG_WARN_STRICT_PROTOTYPES = YES;
				CLANG_WARN_SUSPICIOUS_MOVE = YES;
				CLANG_WARN_UNGUARDED_AVAILABILITY = YES_AGGRESSIVE;
				CLANG_WARN_UNREACHABLE_CODE = YES;
				CLANG_WARN__DUPLICATE_METHOD_MATCH = YES;
				COPY_PHASE_STRIP = NO;
				CURRENT_PROJECT_VERSION = 1;
				DEBUG_INFORMATION_FORMAT = dwarf;
				ENABLE_STRICT_OBJC_MSGSEND = YES;
				ENABLE_TESTABILITY = YES;
				GCC_C_LANGUAGE_STANDARD = gnu11;
				GCC_DYNAMIC_NO_PIC = NO;
				GCC_NO_COMMON_BLOCKS = YES;
				GCC_OPTIMIZATION_LEVEL = 0;
				GCC_PREPROCESSOR_DEFINITIONS = (
					"DEBUG=1",
					"$(inherited)",
				);
				GCC_WARN_64_TO_32_BIT_CONVERSION = YES;
				GCC_WARN_ABOUT_RETURN_TYPE = YES_ERROR;
				GCC_WARN_UNDECLARED_SELECTOR = YES;
				GCC_WARN_UNINITIALIZED_AUTOS = YES_AGGRESSIVE;
				GCC_WARN_UNUSED_FUNCTION = YES;
				GCC_WARN_UNUSED_VARIABLE = YES;
				IPHONEOS_DEPLOYMENT_TARGET = 13.5;
				MTL_ENABLE_DEBUG_INFO = INCLUDE_SOURCE;
				MTL_FAST_MATH = YES;
				ONLY_ACTIVE_ARCH = YES;
				SDKROOT = iphoneos;
				SWIFT_ACTIVE_COMPILATION_CONDITIONS = DEBUG;
				SWIFT_OPTIMIZATION_LEVEL = "-Onone";
				VERSIONING_SYSTEM = "apple-generic";
				VERSION_INFO_PREFIX = "";
			};
			name = Debug;
		};
		E777B42C24CB307B00114E05 /* Release */ = {
			isa = XCBuildConfiguration;
			buildSettings = {
				ALWAYS_SEARCH_USER_PATHS = NO;
				CLANG_ANALYZER_NONNULL = YES;
				CLANG_ANALYZER_NUMBER_OBJECT_CONVERSION = YES_AGGRESSIVE;
				CLANG_CXX_LANGUAGE_STANDARD = "gnu++14";
				CLANG_CXX_LIBRARY = "libc++";
				CLANG_ENABLE_MODULES = YES;
				CLANG_ENABLE_OBJC_ARC = YES;
				CLANG_ENABLE_OBJC_WEAK = YES;
				CLANG_WARN_BLOCK_CAPTURE_AUTORELEASING = YES;
				CLANG_WARN_BOOL_CONVERSION = YES;
				CLANG_WARN_COMMA = YES;
				CLANG_WARN_CONSTANT_CONVERSION = YES;
				CLANG_WARN_DEPRECATED_OBJC_IMPLEMENTATIONS = YES;
				CLANG_WARN_DIRECT_OBJC_ISA_USAGE = YES_ERROR;
				CLANG_WARN_DOCUMENTATION_COMMENTS = YES;
				CLANG_WARN_EMPTY_BODY = YES;
				CLANG_WARN_ENUM_CONVERSION = YES;
				CLANG_WARN_INFINITE_RECURSION = YES;
				CLANG_WARN_INT_CONVERSION = YES;
				CLANG_WARN_NON_LITERAL_NULL_CONVERSION = YES;
				CLANG_WARN_OBJC_IMPLICIT_RETAIN_SELF = YES;
				CLANG_WARN_OBJC_LITERAL_CONVERSION = YES;
				CLANG_WARN_OBJC_ROOT_CLASS = YES_ERROR;
				CLANG_WARN_RANGE_LOOP_ANALYSIS = YES;
				CLANG_WARN_STRICT_PROTOTYPES = YES;
				CLANG_WARN_SUSPICIOUS_MOVE = YES;
				CLANG_WARN_UNGUARDED_AVAILABILITY = YES_AGGRESSIVE;
				CLANG_WARN_UNREACHABLE_CODE = YES;
				CLANG_WARN__DUPLICATE_METHOD_MATCH = YES;
				COPY_PHASE_STRIP = NO;
				CURRENT_PROJECT_VERSION = 1;
				DEBUG_INFORMATION_FORMAT = "dwarf-with-dsym";
				ENABLE_NS_ASSERTIONS = NO;
				ENABLE_STRICT_OBJC_MSGSEND = YES;
				GCC_C_LANGUAGE_STANDARD = gnu11;
				GCC_NO_COMMON_BLOCKS = YES;
				GCC_WARN_64_TO_32_BIT_CONVERSION = YES;
				GCC_WARN_ABOUT_RETURN_TYPE = YES_ERROR;
				GCC_WARN_UNDECLARED_SELECTOR = YES;
				GCC_WARN_UNINITIALIZED_AUTOS = YES_AGGRESSIVE;
				GCC_WARN_UNUSED_FUNCTION = YES;
				GCC_WARN_UNUSED_VARIABLE = YES;
				IPHONEOS_DEPLOYMENT_TARGET = 13.5;
				MTL_ENABLE_DEBUG_INFO = NO;
				MTL_FAST_MATH = YES;
				SDKROOT = iphoneos;
				SWIFT_COMPILATION_MODE = wholemodule;
				SWIFT_OPTIMIZATION_LEVEL = "-O";
				VALIDATE_PRODUCT = YES;
				VERSIONING_SYSTEM = "apple-generic";
				VERSION_INFO_PREFIX = "";
			};
			name = Release;
		};
		E777B42E24CB307B00114E05 /* Debug */ = {
			isa = XCBuildConfiguration;
			baseConfigurationReference = F1FF37C7C3808D66CF78CF85 /* Pods-DomainKit.debug.xcconfig */;
			buildSettings = {
				CODE_SIGN_STYLE = Automatic;
				DEFINES_MODULE = YES;
				DEVELOPMENT_TEAM = JD9642CCE2;
				DYLIB_COMPATIBILITY_VERSION = 1;
				DYLIB_CURRENT_VERSION = 1;
				DYLIB_INSTALL_NAME_BASE = "@rpath";
				INFOPLIST_FILE = Domain/Info.plist;
				INSTALL_PATH = "$(LOCAL_LIBRARY_DIR)/Frameworks";
				LD_RUNPATH_SEARCH_PATHS = (
					"$(inherited)",
					"@executable_path/Frameworks",
					"@loader_path/Frameworks",
					"$(FRAMEWORK_SEARCH_PATHS)",
				);
				PRODUCT_BUNDLE_IDENTIFIER = "Vladimir-Shemet.Domain";
				PRODUCT_NAME = "$(TARGET_NAME:c99extidentifier)";
				SKIP_INSTALL = YES;
				SWIFT_VERSION = 5.0;
				TARGETED_DEVICE_FAMILY = "1,2";
			};
			name = Debug;
		};
		E777B42F24CB307B00114E05 /* Release */ = {
			isa = XCBuildConfiguration;
			baseConfigurationReference = 1BA5B663E984EDF86550BBB6 /* Pods-DomainKit.release.xcconfig */;
			buildSettings = {
				CODE_SIGN_STYLE = Automatic;
				DEFINES_MODULE = YES;
				DEVELOPMENT_TEAM = JD9642CCE2;
				DYLIB_COMPATIBILITY_VERSION = 1;
				DYLIB_CURRENT_VERSION = 1;
				DYLIB_INSTALL_NAME_BASE = "@rpath";
				INFOPLIST_FILE = Domain/Info.plist;
				INSTALL_PATH = "$(LOCAL_LIBRARY_DIR)/Frameworks";
				LD_RUNPATH_SEARCH_PATHS = (
					"$(inherited)",
					"@executable_path/Frameworks",
					"@loader_path/Frameworks",
					"$(FRAMEWORK_SEARCH_PATHS)",
				);
				PRODUCT_BUNDLE_IDENTIFIER = "Vladimir-Shemet.Domain";
				PRODUCT_NAME = "$(TARGET_NAME:c99extidentifier)";
				SKIP_INSTALL = YES;
				SWIFT_VERSION = 5.0;
				TARGETED_DEVICE_FAMILY = "1,2";
			};
			name = Release;
		};
		E777B43124CB307B00114E05 /* Debug */ = {
			isa = XCBuildConfiguration;
			buildSettings = {
				CODE_SIGN_STYLE = Automatic;
				DEVELOPMENT_TEAM = JD9642CCE2;
				INFOPLIST_FILE = DomainTests/Info.plist;
				LD_RUNPATH_SEARCH_PATHS = (
					"$(inherited)",
					"@executable_path/Frameworks",
					"@loader_path/Frameworks",
				);
				PRODUCT_BUNDLE_IDENTIFIER = "Vladimir-Shemet.DomainTests";
				PRODUCT_NAME = "$(TARGET_NAME)";
				SWIFT_VERSION = 5.0;
				TARGETED_DEVICE_FAMILY = "1,2";
			};
			name = Debug;
		};
		E777B43224CB307B00114E05 /* Release */ = {
			isa = XCBuildConfiguration;
			buildSettings = {
				CODE_SIGN_STYLE = Automatic;
				DEVELOPMENT_TEAM = JD9642CCE2;
				INFOPLIST_FILE = DomainTests/Info.plist;
				LD_RUNPATH_SEARCH_PATHS = (
					"$(inherited)",
					"@executable_path/Frameworks",
					"@loader_path/Frameworks",
				);
				PRODUCT_BUNDLE_IDENTIFIER = "Vladimir-Shemet.DomainTests";
				PRODUCT_NAME = "$(TARGET_NAME)";
				SWIFT_VERSION = 5.0;
				TARGETED_DEVICE_FAMILY = "1,2";
			};
			name = Release;
		};
/* End XCBuildConfiguration section */

/* Begin XCConfigurationList section */
		E777B41324CB307B00114E05 /* Build configuration list for PBXProject "DomainKit" */ = {
			isa = XCConfigurationList;
			buildConfigurations = (
				E777B42B24CB307B00114E05 /* Debug */,
				E777B42C24CB307B00114E05 /* Release */,
			);
			defaultConfigurationIsVisible = 0;
			defaultConfigurationName = Release;
		};
		E777B42D24CB307B00114E05 /* Build configuration list for PBXNativeTarget "DomainKit" */ = {
			isa = XCConfigurationList;
			buildConfigurations = (
				E777B42E24CB307B00114E05 /* Debug */,
				E777B42F24CB307B00114E05 /* Release */,
			);
			defaultConfigurationIsVisible = 0;
			defaultConfigurationName = Release;
		};
		E777B43024CB307B00114E05 /* Build configuration list for PBXNativeTarget "DomainKitTests" */ = {
			isa = XCConfigurationList;
			buildConfigurations = (
				E777B43124CB307B00114E05 /* Debug */,
				E777B43224CB307B00114E05 /* Release */,
			);
			defaultConfigurationIsVisible = 0;
			defaultConfigurationName = Release;
		};
/* End XCConfigurationList section */
	};
	rootObject = E777B41024CB307B00114E05 /* Project object */;
}
